Microsoft Visual Studio Solution File, Format Version 12.00
# Visual Studio Version 17
VisualStudioVersion = 17.5.2.0
MinimumVisualStudioVersion = 10.0.40219.1
Project("{2150E333-8FDC-42A3-9474-1A3956D46DE8}") = "Assests", "Assests", "{98E26F16-3A75-C534-85D1-DE61E75A4094}"
EndProject
Project("{FAE04EC0-301F-11D3-BF4B-00C04F79EFBC}") = "Infinitystones", "Assests\Infinitystones.csproj", "{3F60163D-9476-52B0-B197-012C3AB40A1D}"
EndProject
Global
	GlobalSection(SolutionConfigurationPlatforms) = preSolution
		Debug|Any CPU = Debug|Any CPU
		Release|Any CPU = Release|Any CPU
	EndGlobalSection
	GlobalSection(ProjectConfigurationPlatforms) = postSolution
		{3F60163D-9476-52B0-B197-012C3AB40A1D}.Debug|Any CPU.ActiveCfg = Debug|Any CPU
		{3F60163D-9476-52B0-B197-012C3AB40A1D}.Debug|Any CPU.Build.0 = Debug|Any CPU
		{3F60163D-9476-52B0-B197-012C3AB40A1D}.Release|Any CPU.ActiveCfg = Release|Any CPU
		{3F60163D-9476-52B0-B197-012C3AB40A1D}.Release|Any CPU.Build.0 = Release|Any CPU
	EndGlobalSection
	GlobalSection(SolutionProperties) = preSolution
		HideSolutionNode = FALSE
	EndGlobalSection
	GlobalSection(NestedProjects) = preSolution
		{3F60163D-9476-52B0-B197-012C3AB40A1D} = {98E26F16-3A75-C534-85D1-DE61E75A4094}
	EndGlobalSection
	GlobalSection(ExtensibilityGlobals) = postSolution
		SolutionGuid = {2B088DBF-FA65-4507-8C39-3C1F38DA584A}
	EndGlobalSection
EndGlobal
